
Microsoft Visual Studio Solution File, Format Version 12.00
# Visual Studio Version 16
VisualStudioVersion = 16.0.30611.23
MinimumVisualStudioVersion = 10.0.40219.1
Project("{FAE04EC0-301F-11D3-BF4B-00C04F79EFBC}") = "CityInfo.API", "CityInfo.API\CityInfo.API.csproj", "{1CE5142D-7A45-4AE9-865D-0630F10E8DA7}"
EndProject
Global
	GlobalSection(SolutionConfigurationPlatforms) = preSolution
		Debug|Any CPU = Debug|Any CPU
		Release|Any CPU = Release|Any CPU
	EndGlobalSection
	GlobalSection(ProjectConfigurationPlatforms) = postSolution
		{1CE5142D-7A45-4AE9-865D-0630F10E8DA7}.Debug|Any CPU.ActiveCfg = Debug|Any CPU
		{1CE5142D-7A45-4AE9-865D-0630F10E8DA7}.Debug|Any CPU.Build.0 = Debug|Any CPU
		{1CE5142D-7A45-4AE9-865D-0630F10E8DA7}.Release|Any CPU.ActiveCfg = Release|Any CPU
		{1CE5142D-7A45-4AE9-865D-0630F10E8DA7}.Release|Any CPU.Build.0 = Release|Any CPU
	EndGlobalSection
	GlobalSection(SolutionProperties) = preSolution
		HideSolutionNode = FALSE
	EndGlobalSection
	GlobalSection(ExtensibilityGlobals) = postSolution
		SolutionGuid = {C9B4F06B-E5E4-473E-9FA6-1C85C886C082}
	EndGlobalSection
EndGlobal
